
Microsoft Visual Studio Solution File, Format Version 12.00
# Visual Studio 15
VisualStudioVersion = 15.0.28010.2041
MinimumVisualStudioVersion = 10.0.40219.1
Project("{8BC9CEB8-8B4A-11D0-8D11-00A0C91BC942}") = "Random_generator_and_text", "Random_generator_and_text\Random_generator_and_text.vcxproj", "{344E37EB-473C-487F-B74F-6D29B4A68A10}"
EndProject
Global
	GlobalSection(SolutionConfigurationPlatforms) = preSolution
		Debug|x64 = Debug|x64
		Debug|x86 = Debug|x86
		Release|x64 = Release|x64
		Release|x86 = Release|x86
	EndGlobalSection
	GlobalSection(ProjectConfigurationPlatforms) = postSolution
		{344E37EB-473C-487F-B74F-6D29B4A68A10}.Debug|x64.ActiveCfg = Debug|x64
		{344E37EB-473C-487F-B74F-6D29B4A68A10}.Debug|x64.Build.0 = Debug|x64
		{344E37EB-473C-487F-B74F-6D29B4A68A10}.Debug|x86.ActiveCfg = Debug|Win32
		{344E37EB-473C-487F-B74F-6D29B4A68A10}.Debug|x86.Build.0 = Debug|Win32
		{344E37EB-473C-487F-B74F-6D29B4A68A10}.Release|x64.ActiveCfg = Release|x64
		{344E37EB-473C-487F-B74F-6D29B4A68A10}.Release|x64.Build.0 = Release|x64
		{344E37EB-473C-487F-B74F-6D29B4A68A10}.Release|x86.ActiveCfg = Release|Win32
		{344E37EB-473C-487F-B74F-6D29B4A68A10}.Release|x86.Build.0 = Release|Win32
	EndGlobalSection
	GlobalSection(SolutionProperties) = preSolution
		HideSolutionNode = FALSE
	EndGlobalSection
	GlobalSection(ExtensibilityGlobals) = postSolution
		SolutionGuid = {4CB503BD-509F-4A11-A024-DDFF80C6AE21}
	EndGlobalSection
EndGlobal
